# This file was autogenerated by Stack.
# You should not edit this file by hand.
# For more information, please see the documentation at:
#   https://docs.haskellstack.org/en/stable/lock_files

packages:
- completed:
    hackage: accelerate-1.3.0.0@sha256:f19e43687e9a306fddaddfa68a764b157ceb2522d9a821e31bc3353c730fda2b,20995
    pantry-tree:
      size: 13459
      sha256: 00e83fbc4576aea9d8efdaf4e04fa2a6d1c5a1551bd733a63f4b7aaf46b472c9
  original:
    hackage: accelerate-1.3.0.0@sha256:f19e43687e9a306fddaddfa68a764b157ceb2522d9a821e31bc3353c730fda2b,20995
- completed:
    hackage: attoparsec-0.14.4@sha256:79584bdada8b730cb5138fca8c35c76fbef75fc1d1e01e6b1d815a5ee9843191,5810
    pantry-tree:
      size: 5039
      sha256: 5b8e087f73d334019252606b1f64b986cef61946a085ccb77c6bc4d038691c48
  original:
    hackage: attoparsec-0.14.4@sha256:79584bdada8b730cb5138fca8c35c76fbef75fc1d1e01e6b1d815a5ee9843191,5810
- completed:
    hackage: c2hs-0.28.8@sha256:826ec8a8278031a56c664d58761b5faa451c496e16f7c24e30f511b0920c7b41,9427
    pantry-tree:
      size: 17398
      sha256: c0a824feeb530cac3f7580d9939ade6763fd29902c2dfcbcfd06f7fb9866642d
  original:
    hackage: c2hs-0.28.8@sha256:826ec8a8278031a56c664d58761b5faa451c496e16f7c24e30f511b0920c7b41,9427
- completed:
    hackage: cereal-0.5.8.2@sha256:fe7d9a6426eacbe12351afe9642daedcb64fa29eda56118a65915f1c14df0d9a,2863
    pantry-tree:
      size: 641
      sha256: 28597366f0addd7269ea90fa215b05fc68889240fb28c87bd214d7ce99c169f7
  original:
    hackage: cereal-0.5.8.2@sha256:fe7d9a6426eacbe12351afe9642daedcb64fa29eda56118a65915f1c14df0d9a,2863
- completed:
    hackage: constraints-0.13.4@sha256:2133e56e14e130a1a40b0737deeaf6859402279720210531723bc19b898c5544,2396
    pantry-tree:
      size: 867
      sha256: 33ad0e51fc2546956554265c8b14519e89daa9958bc03ba8415192741ab5bf46
  original:
    hackage: constraints-0.13.4@sha256:2133e56e14e130a1a40b0737deeaf6859402279720210531723bc19b898c5544,2396
- completed:
    hackage: data-default-class-0.1.2.0@sha256:63e62120b7efd733a5a17cf59ceb43268e9a929c748127172d7d42f4a336e327,542
    pantry-tree:
      size: 224
      sha256: 5017630b11698aefa65fc61cab84a257ce97833c968d425e1b2d53d6c3b5c096
  original:
    hackage: data-default-class-0.1.2.0@sha256:63e62120b7efd733a5a17cf59ceb43268e9a929c748127172d7d42f4a336e327,542
- completed:
    hackage: dlist-1.0@sha256:124cb3aa1decebd5171b46601b1f74cca6cfae12d266ace3799b86dd05ef7cb4,3560
    pantry-tree:
      size: 953
      sha256: 8467afe9c94b2756e5703fed0950b51418bd877acbdd72e9dc3488b8f28f4e82
  original:
    hackage: dlist-1.0@sha256:124cb3aa1decebd5171b46601b1f74cca6cfae12d266ace3799b86dd05ef7cb4,3560
- completed:
    hackage: fail-4.9.0.0@sha256:35d1ee29364447c1b7d616bb1ee31f162b73e85fea91d7ca6441cf901398f572,1051
    pantry-tree:
      size: 210
      sha256: e4daa79eb6a4442ec85c86dfeb0eb4bf8624f8dcc5291a2216165120ecb77c13
  original:
    hackage: fail-4.9.0.0@sha256:35d1ee29364447c1b7d616bb1ee31f162b73e85fea91d7ca6441cf901398f572,1051
- completed:
    hackage: hashable-1.4.0.2@sha256:0cddd0229d1aac305ea0404409c0bbfab81f075817bd74b8b2929eff58333e55,5005
    pantry-tree:
      size: 1248
      sha256: 51dda0aa70849588d074125f324beba1c8736cfa486e7f4a90a798b1d0e6019d
  original:
    hackage: hashable-1.4.0.2@sha256:0cddd0229d1aac305ea0404409c0bbfab81f075817bd74b8b2929eff58333e55,5005
- completed:
    hackage: libffi-0.1@sha256:8a3e7e957c2b69d4dd20329683db6fa9f14e7b4690f203011096941abfdc4068,823
    pantry-tree:
      size: 803
      sha256: c81c0b4232cde65da5ad271cf504d9f85329c7c1f1e15fdfd71c377986a847aa
  original:
    hackage: libffi-0.1@sha256:8a3e7e957c2b69d4dd20329683db6fa9f14e7b4690f203011096941abfdc4068,823
- completed:
    hackage: lockfree-queue-0.2.3.1@sha256:2a01c98b479fff93e1fb1631c53164e719579ac6389aa3227acefd80d15d8b53,2964
    pantry-tree:
      size: 435
      sha256: cfe2a71c14d510879c4ecd29f6590a4ee9ff6b5db3e247b55b172d03cbd33f38
  original:
    hackage: lockfree-queue-0.2.3.1@sha256:2a01c98b479fff93e1fb1631c53164e719579ac6389aa3227acefd80d15d8b53,2964
- completed:
    hackage: primitive-0.7.4.0@sha256:89b88a3e08493b7727fa4089b0692bfbdf7e1e666ef54635f458644eb8358764,2857
    pantry-tree:
      size: 1655
      sha256: 71a850c658b70e869da19f61615d87d9d6ecec597f0e3d4b498da56559114829
  original:
    hackage: primitive-0.7.4.0@sha256:89b88a3e08493b7727fa4089b0692bfbdf7e1e666ef54635f458644eb8358764,2857
- completed:
    hackage: unique-0.0.1@sha256:27a372f5830ee76ee5bb077f6dad1c998d3f73a265e28f599e6a2f88f4632551,1269
    pantry-tree:
      size: 385
      sha256: 93e4fae7952c762a8730844af5aba7f1067a6bc739e3cf29948deca222f88d12
  original:
    hackage: unique-0.0.1@sha256:27a372f5830ee76ee5bb077f6dad1c998d3f73a265e28f599e6a2f88f4632551,1269
- completed:
    hackage: unordered-containers-0.2.19.1@sha256:7d43e557b32a30eeac22e68b8430384bf829b0b2313761026a7f103395b047d5,3638
    pantry-tree:
      size: 1517
      sha256: 1870de393820b94af9efb8fcdd31940543569cdcd3d13296bc224438b2b107d8
  original:
    hackage: unordered-containers-0.2.19.1@sha256:7d43e557b32a30eeac22e68b8430384bf829b0b2313761026a7f103395b047d5,3638
- completed:
    hackage: utf8-string-1.0.2@sha256:79416292186feeaf1f60e49ac5a1ffae9bf1b120e040a74bf0e81ca7f1d31d3f,1538
    pantry-tree:
      size: 601
      sha256: 0863c3c9b6ee24dd38873c62e38ac46dd50aff2ea6b362beadf7f9b4a273c75f
  original:
    hackage: utf8-string-1.0.2@sha256:79416292186feeaf1f60e49ac5a1ffae9bf1b120e040a74bf0e81ca7f1d31d3f,1538
- completed:
    hackage: accelerate-llvm-native-1.3.0.0@sha256:8d0b8fcbce1595cb380ee6bb892efffeb3abffd050550322d8b35b7f23e27481,6329
    pantry-tree:
      size: 3677
      sha256: d0e5ff709881066cb4fcd27326aa15bd5817e25a1c9ef869d7f845905bfc826c
  original:
    hackage: accelerate-llvm-native-1.3.0.0@sha256:8d0b8fcbce1595cb380ee6bb892efffeb3abffd050550322d8b35b7f23e27481,6329
- completed:
    hackage: ansi-terminal-0.11.3@sha256:cc499d5f4c09a7213cd752ee69dbb5a5b8f3d1c777274e609eea4bca5c68ac8c,3321
    pantry-tree:
      size: 1461
      sha256: 71d732f3f95c8ddcebaa7645ff743dd91e680b5b5063e8707ef53d2eaf94c94e
  original:
    hackage: ansi-terminal-0.11.3@sha256:cc499d5f4c09a7213cd752ee69dbb5a5b8f3d1c777274e609eea4bca5c68ac8c,3321
- completed:
    hackage: base-orphans-0.8.6@sha256:eb6758d0160d607e0c45dbd6b196f515b9a589fd4f6d2f926929dd5d56282d37,3175
    pantry-tree:
      size: 1272
      sha256: f889d6903383305688e6e703982bfdc985649b7d4538429e44f98f99d8f73c07
  original:
    hackage: base-orphans-0.8.6@sha256:eb6758d0160d607e0c45dbd6b196f515b9a589fd4f6d2f926929dd5d56282d37,3175
- completed:
    hackage: cabal-doctest-1.0.9@sha256:ad465439405287582adfd0f80d1b2ae87307c2626c3cf0a58effef88ff808937,1501
    pantry-tree:
      size: 334
      sha256: 6f3c2e83f91bde71a9ea9c3e8835e8a44958d0792c62f81cefaf1921a978b919
  original:
    hackage: cabal-doctest-1.0.9@sha256:ad465439405287582adfd0f80d1b2ae87307c2626c3cf0a58effef88ff808937,1501
- completed:
    hackage: cryptonite-0.30@sha256:12c85dea7be63e5ad90bcb487eb3846bf3c413347f94336fa1dede7b28f9936a,18301
    pantry-tree:
      size: 23323
      sha256: df1cbe4cc40d569cc75ffed40bc5deac43cb085653980b42b9b6a5d4b745a30a
  original:
    hackage: cryptonite-0.30@sha256:12c85dea7be63e5ad90bcb487eb3846bf3c413347f94336fa1dede7b28f9936a,18301
- completed:
    hackage: half-0.3.1@sha256:5aabf5325762b2d6335b9e3f88602431af2b954e14b058bea3e93168a8e0eb53,2058
    pantry-tree:
      size: 502
      sha256: e44f2e2dba15466712f8a5c523bdccb2e6c7e70506a23e6d45766f82fcbbd4b0
  original:
    hackage: half-0.3.1@sha256:5aabf5325762b2d6335b9e3f88602431af2b954e14b058bea3e93168a8e0eb53,2058
- completed:
    hackage: hashtables-1.3@sha256:ab21804fdafbbd8ad918b2911dabb729ae0ea891780fe66bf7804cbcd07edadf,10379
    pantry-tree:
      size: 2895
      sha256: e71f113ad989dbc994e0fb52bcc219d62930de9afa8b3441bf7909e864481b33
  original:
    hackage: hashtables-1.3@sha256:ab21804fdafbbd8ad918b2911dabb729ae0ea891780fe66bf7804cbcd07edadf,10379
- completed:
    hackage: hedgehog-1.1.1@sha256:301b45815b0e265a683aba0971c1246bfce0ad60b09fcd60bc782016254a291a,4639
    pantry-tree:
      size: 2646
      sha256: 11a4efb8958b8958cdc26eae0517099140c2b7b2f9d3e876db5bb6eaa4edb618
  original:
    hackage: hedgehog-1.1.1@sha256:301b45815b0e265a683aba0971c1246bfce0ad60b09fcd60bc782016254a291a,4639
- completed:
    hackage: lens-5.1.1@sha256:c633a481e69bf911d9a6ed11ef156809db8b1d7c7d296fd03249b93be399e3a7,15015
    pantry-tree:
      size: 8214
      sha256: 559bc8cd8f16036142724a98acfa4b05684368e615dd3ff02dd3c7600bd3822c
  original:
    hackage: lens-5.1.1@sha256:c633a481e69bf911d9a6ed11ef156809db8b1d7c7d296fd03249b93be399e3a7,15015
- completed:
    hackage: prettyprinter-1.7.1@sha256:9c43c9d8c3cd9f445596e5a2379574bba87f935a4d1fa41b5407ee3cf4edc743,6987
    pantry-tree:
      size: 3460
      sha256: cd6f393bf7cba603a1958a139915fc343efd5488e36fd7b3b5c6956c002d04fa
  original:
    hackage: prettyprinter-1.7.1@sha256:9c43c9d8c3cd9f445596e5a2379574bba87f935a4d1fa41b5407ee3cf4edc743,6987
- completed:
    hackage: prettyprinter-ansi-terminal-1.1.3@sha256:b00f727b964cf13adff7acf575a71fa7e405f5240aff50b07f10df76ab89f8d3,2574
    pantry-tree:
      size: 820
      sha256: b5d276267049502c72fdcd2f1d84c15b3598160d61de0482a2e5bb62c40bd4ea
  original:
    hackage: prettyprinter-ansi-terminal-1.1.3@sha256:b00f727b964cf13adff7acf575a71fa7e405f5240aff50b07f10df76ab89f8d3,2574
- completed:
    hackage: tasty-1.4.2.3@sha256:5c861bf8954d9e775769d3cfb13f55922839de3d1243dd4418505fdd0e05619a,2690
    pantry-tree:
      size: 1944
      sha256: 63b12965b20cb3e2f839e5c53f12b62f24fb0261f541d52e6c3e740d4f8f51f0
  original:
    hackage: tasty-1.4.2.3@sha256:5c861bf8954d9e775769d3cfb13f55922839de3d1243dd4418505fdd0e05619a,2690
- completed:
    hackage: terminal-size-0.3.3@sha256:bd5f02333982bc8d6017db257b2a0b91870a295b4a37142a0c0525d8f533a48f,1255
    pantry-tree:
      size: 580
      sha256: 2a9669ed392657d34ec2e180ddac68c9ef657e54bf4b5fbc9b9efaa7b1d341be
  original:
    hackage: terminal-size-0.3.3@sha256:bd5f02333982bc8d6017db257b2a0b91870a295b4a37142a0c0525d8f533a48f,1255
- completed:
    hackage: vector-stream-0.1.0.0@sha256:5500b39bd69ba5384638db0b451c8eaf40ef52544355741bd73436b0da9ec3a8,1336
    pantry-tree:
      size: 325
      sha256: 99de0751367cf53df872999edfb9e3c24207cf946442ccccf7487d74c7f12c1d
  original:
    hackage: vector-stream-0.1.0.0@sha256:5500b39bd69ba5384638db0b451c8eaf40ef52544355741bd73436b0da9ec3a8,1336
- completed:
    hackage: accelerate-llvm-1.3.0.0@sha256:06dc3779b3577ed41b2ddf2421452b566f290dce53df83d027938d41f2d5ec82,6054
    pantry-tree:
      size: 4685
      sha256: 2d427a3426a3a5c1a60aec58dd079cc12a0db28f69ea022b042e94775a690d1a
  original:
    hackage: accelerate-llvm-1.3.0.0@sha256:06dc3779b3577ed41b2ddf2421452b566f290dce53df83d027938d41f2d5ec82,6054
- completed:
    hackage: assoc-1.0.2@sha256:e0d9d1febc172e2a1b22aacd25df7f90be557dcf12ff87359f43128f8c194d9e,1237
    pantry-tree:
      size: 290
      sha256: 760f0aa60d4beb6a893ae9f73f64f5e93dc4414487bc0c8dfa33dadffd338de9
  original:
    hackage: assoc-1.0.2@sha256:e0d9d1febc172e2a1b22aacd25df7f90be557dcf12ff87359f43128f8c194d9e,1237
- completed:
    hackage: async-2.2.4@sha256:b83dec34a53520de84c6dd3dc7aae45d22409b46eb471c478b98108215a370f0,3095
    pantry-tree:
      size: 501
      sha256: 08b8a9f8d2e27d51b04fb9c14f65e1209c7f24160d2a4557963900edb2c0f07d
  original:
    hackage: async-2.2.4@sha256:b83dec34a53520de84c6dd3dc7aae45d22409b46eb471c478b98108215a370f0,3095
- completed:
    hackage: atomic-primops-0.8.4@sha256:5218db0d8d4efe203a06c4643a0c6aeb3ab1abe159e92c122decc4f0dd1b5f38,2339
    pantry-tree:
      size: 1245
      sha256: 472926a4bbd087b07c8f5b6473b2169515de736715d637f3011b34617ea2a9c9
  original:
    hackage: atomic-primops-0.8.4@sha256:5218db0d8d4efe203a06c4643a0c6aeb3ab1abe159e92c122decc4f0dd1b5f38,2339
- completed:
    hackage: barbies-2.0.3.1@sha256:d3f475f168c4db54dbe0c8a489129e6a91412f465b5bb01fd72d7b4e6e8c903f,4407
    pantry-tree:
      size: 4429
      sha256: 223314e8e803df322539e54d72d6b90a08c3f074fbc45f81e2de97778e8cc48c
  original:
    hackage: barbies-2.0.3.1@sha256:d3f475f168c4db54dbe0c8a489129e6a91412f465b5bb01fd72d7b4e6e8c903f,4407
- completed:
    hackage: basement-0.0.14@sha256:d28a94225234a9895abbf88cdbf171fdea8cb478d718479f06522238b2cc7e74,5403
    pantry-tree:
      size: 5799
      sha256: 4704628ec7f2931fbb576a1212ebe4050de32f5d12c150a52d370be0a1df4554
  original:
    hackage: basement-0.0.14@sha256:d28a94225234a9895abbf88cdbf171fdea8cb478d718479f06522238b2cc7e74,5403
- completed:
    hackage: bifunctors-5.5.12@sha256:6c13bd960633e779673717f560209827d001486fc65e07c92c88867f6bf2050a,3794
    pantry-tree:
      size: 1758
      sha256: 57bfb3fb91de3561aca360f5a6565ebda9e444e063fcf47d9fff3fb79c0a6abc
  original:
    hackage: bifunctors-5.5.12@sha256:6c13bd960633e779673717f560209827d001486fc65e07c92c88867f6bf2050a,3794
- completed:
    hackage: call-stack-0.4.0@sha256:ac44d2c00931dc20b01750da8c92ec443eb63a7231e8550188cb2ac2385f7feb,1200
    pantry-tree:
      size: 501
      sha256: 04134fa69cdd824b4e4bb7f77e7173e0705f27deabdbbf99549c549400191e1e
  original:
    hackage: call-stack-0.4.0@sha256:ac44d2c00931dc20b01750da8c92ec443eb63a7231e8550188cb2ac2385f7feb,1200
- completed:
    hackage: clock-0.8.3@sha256:a692159828c2cd278eaec317b3a7e9fb6d7b787c8a19f086004d15d9fa1fd72c,4601
    pantry-tree:
      size: 499
      sha256: 3e62393d5c7671b21d8aa84ef9ee0550334053711c80b5beeca295466a6615c7
  original:
    hackage: clock-0.8.3@sha256:a692159828c2cd278eaec317b3a7e9fb6d7b787c8a19f086004d15d9fa1fd72c,4601
- completed:
    hackage: colour-2.3.6@sha256:ebdcbf15023958838a527e381ab3c3b1e99ed12d1b25efeb7feaa4ad8c37664a,2378
    pantry-tree:
      size: 1183
      sha256: 03f8e22f364deb86098dbfbe0bf83c896437b2355f139abdac0402658fb6ac7e
  original:
    hackage: colour-2.3.6@sha256:ebdcbf15023958838a527e381ab3c3b1e99ed12d1b25efeb7feaa4ad8c37664a,2378
- completed:
    hackage: comonad-5.0.8@sha256:1f1aabd73ec7f80f20cf078a748a60cd48d8e57277802fdf6a9ab3601a9b8f7e,3631
    pantry-tree:
      size: 1618
      sha256: 394660fe7fa4127e5a181890bce28b9fcd6eb180ba25aa5566bc8b5bdd385517
  original:
    hackage: comonad-5.0.8@sha256:1f1aabd73ec7f80f20cf078a748a60cd48d8e57277802fdf6a9ab3601a9b8f7e,3631
- completed:
    hackage: concurrent-output-1.10.16@sha256:5d9787082657fed0e3f232796402ff2cd871ea3e6405ad9eb4317635e67345ae,1665
    pantry-tree:
      size: 898
      sha256: 5294e80dc2a359441896fff63ca17a57bd77d62a74691ab2fc88901906285ded
  original:
    hackage: concurrent-output-1.10.16@sha256:5d9787082657fed0e3f232796402ff2cd871ea3e6405ad9eb4317635e67345ae,1665
- completed:
    hackage: contravariant-1.5.5@sha256:470ed0e040e879e2da4af1b2c8f94e199f6135852a8107858d5ae0a95365835f,3041
    pantry-tree:
      size: 652
      sha256: 9eb62fea28548dc8a0f60fd47c12843092b78b24ed771b8ad63a0bb34dba8bc4
  original:
    hackage: contravariant-1.5.5@sha256:470ed0e040e879e2da4af1b2c8f94e199f6135852a8107858d5ae0a95365835f,3041
- completed:
    hackage: distributive-0.6.2.1@sha256:0f99f5541cca04acf89b64432b03422b6408e830a8dff30e6c4334ef1a48680c,2996
    pantry-tree:
      size: 735
      sha256: a42bed5fe0ba295643538312dee6c9436314c05a6f7efdd32b4303979f8bd744
  original:
    hackage: distributive-0.6.2.1@sha256:0f99f5541cca04acf89b64432b03422b6408e830a8dff30e6c4334ef1a48680c,2996
- completed:
    hackage: erf-2.0.0.0@sha256:11c5d3747d17b589009cbe9656ca792e4b5b2560d4aa44f6f1e80044794b1a8b,577
    pantry-tree:
      size: 161
      sha256: 80f6ad1c948520e2329abeddf5523af5d0d0c6300ce267dd85cdb6e95265c7e5
  original:
    hackage: erf-2.0.0.0@sha256:11c5d3747d17b589009cbe9656ca792e4b5b2560d4aa44f6f1e80044794b1a8b,577
- completed:
    hackage: free-5.1.8@sha256:fb8936a06a84ed8cd8ec7ff6658925c5ac0c1e3d7812a3e6c2fce2590265d3a9,4987
    pantry-tree:
      size: 3308
      sha256: e3c7366033514ef2b7afbd63d701f2e23e8173acb5eb5f369434e969a4d83d24
  original:
    hackage: free-5.1.8@sha256:fb8936a06a84ed8cd8ec7ff6658925c5ac0c1e3d7812a3e6c2fce2590265d3a9,4987
- completed:
    hackage: indexed-traversable-0.1.2@sha256:d66228887242f93ccb4fc7101a1e25a6560c8e4708f6e9ee1d3dd21901756c65,2519
    pantry-tree:
      size: 495
      sha256: 7edfd8672d45016089df7227d9f6452117632a7236d4e71b24a2a1041cab4701
  original:
    hackage: indexed-traversable-0.1.2@sha256:d66228887242f93ccb4fc7101a1e25a6560c8e4708f6e9ee1d3dd21901756c65,2519
- completed:
    hackage: indexed-traversable-instances-0.1.1@sha256:8b3f359bf1ffb73ab2a3327a6985b3587ae38f6b8f7705dccd724e118e63a598,3246
    pantry-tree:
      size: 480
      sha256: 5fd36ec0df3d99a44300b9b405256da4affc5c3608a620d3781466186f30118f
  original:
    hackage: indexed-traversable-instances-0.1.1@sha256:8b3f359bf1ffb73ab2a3327a6985b3587ae38f6b8f7705dccd724e118e63a598,3246
- completed:
    hackage: kan-extensions-5.2.4@sha256:704f31727825ded0a7adc6d399f3b316967e43be72c957ad2d915cc18a9d4d61,2950
    pantry-tree:
      size: 1421
      sha256: 9efea0791f92d93c385a21a22c4d63a0aa4385b40f211d215b9ef57cbc4fa0c7
  original:
    hackage: kan-extensions-5.2.4@sha256:704f31727825ded0a7adc6d399f3b316967e43be72c957ad2d915cc18a9d4d61,2950
- completed:
    hackage: language-c-0.9.1@sha256:381f68bb37c00afb0f81b936f6a60066b588b5b4d4ae83a468477739ab02db01,4719
    pantry-tree:
      size: 3335
      sha256: 903196983fea9a6ddd35f7254a550e056dedd69a637b04af321049dbade891f5
  original:
    hackage: language-c-0.9.1@sha256:381f68bb37c00afb0f81b936f6a60066b588b5b4d4ae83a468477739ab02db01,4719
- completed:
    hackage: lifted-async-0.10.2.2@sha256:7fa02000931faaee85723ada9bcb1c7773cfcea740113f62ea60c0bd84f9dfcf,2799
    pantry-tree:
      size: 872
      sha256: 19f392d91c38c6246b3e55e337bc05e0a49d69c647dca751a0596525f9d72205
  original:
    hackage: lifted-async-0.10.2.2@sha256:7fa02000931faaee85723ada9bcb1c7773cfcea740113f62ea60c0bd84f9dfcf,2799
- completed:
    hackage: llvm-hs-9.0.1@sha256:ee6ec2eb8cba4daf2a43586388a87dbfd6a2ec6d81d1f9965896ac187acad286,8700
    pantry-tree:
      size: 13599
      sha256: 537616dec1351bd9f7905182f82f132359cf3058ebbb059c03b4edcef04b2689
  original:
    hackage: llvm-hs-9.0.1@sha256:ee6ec2eb8cba4daf2a43586388a87dbfd6a2ec6d81d1f9965896ac187acad286,8700
- completed:
    hackage: llvm-hs-pure-9.0.0@sha256:134779f40086a366279f678e670b610d7a7618b28dd43f65894078fd20e04629,2945
    pantry-tree:
      size: 2600
      sha256: f1a83aa959b69b72342997fc4fdc352086bc3b9f306cfb6a4c8bbc850d36b4fb
  original:
    hackage: llvm-hs-pure-9.0.0@sha256:134779f40086a366279f678e670b610d7a7618b28dd43f65894078fd20e04629,2945
- completed:
    hackage: memory-0.17.0@sha256:c8809b0b3026193c813a88c1f626758c923fae7e0b0d6b96b91c6ce5e14173ec,4468
    pantry-tree:
      size: 2436
      sha256: d63a3ac4e57e9b9288209eb4b01bc348309c6966f3e3ed5e9952f0803f78eb65
  original:
    hackage: memory-0.17.0@sha256:c8809b0b3026193c813a88c1f626758c923fae7e0b0d6b96b91c6ce5e14173ec,4468
- completed:
    hackage: mmorph-1.2.0@sha256:168ec57ce8434bd59d087e470aeb52882dc6513a275f360da0e770a26dcd5902,1069
    pantry-tree:
      size: 346
      sha256: 35608b4b28ecdd606a979270523bfc1a3c57e6027d2b4615b674490ed440b821
  original:
    hackage: mmorph-1.2.0@sha256:168ec57ce8434bd59d087e470aeb52882dc6513a275f360da0e770a26dcd5902,1069
- completed:
    hackage: monad-control-1.0.3.1@sha256:2d657279839e1a760c86a69f00f0c36473ef6972d413ec0f83a40249c70e098e,2365
    pantry-tree:
      size: 292
      sha256: f6b2e10b7ad03cbc2bd1df28543c9d514d54bd39833e318b48e5f0998d876df5
  original:
    hackage: monad-control-1.0.3.1@sha256:2d657279839e1a760c86a69f00f0c36473ef6972d413ec0f83a40249c70e098e,2365
- completed:
    hackage: optparse-applicative-0.17.0.0@sha256:0713e54cbb341e5cae979e2ac441eb3a5ff42e303001f432bd58c19e5638bdda,4967
    pantry-tree:
      size: 3124
      sha256: 3b4398845ee6718fe2303870a5ab75bd190eb712fed2f22caaae30f790c490fd
  original:
    hackage: optparse-applicative-0.17.0.0@sha256:0713e54cbb341e5cae979e2ac441eb3a5ff42e303001f432bd58c19e5638bdda,4967
- completed:
    hackage: parallel-3.2.2.0@sha256:19ff631f3a26ee7cf0603e2b80fc375d77d3f350ae460ae72fe4cf5da665c90b,1821
    pantry-tree:
      size: 392
      sha256: d6a417b6076136ea30d825c9239f44c2f007e0050f58bff57d2aac80359e5287
  original:
    hackage: parallel-3.2.2.0@sha256:19ff631f3a26ee7cf0603e2b80fc375d77d3f350ae460ae72fe4cf5da665c90b,1821
- completed:
    hackage: pretty-show-1.10@sha256:bfef8da0ac4db4fc7f41edfec9e9a701ac206418d70702bff1e40f20d6a2b1f1,1888
    pantry-tree:
      size: 735
      sha256: ae0986a1537a5f462fd48787f82931a07ab8b569631cf08e6cff19c2d9e3866b
  original:
    hackage: pretty-show-1.10@sha256:bfef8da0ac4db4fc7f41edfec9e9a701ac206418d70702bff1e40f20d6a2b1f1,1888
- completed:
    hackage: profunctors-5.6.2@sha256:3d3685119243a7ebf984fa6af03299d156ab7674a432e2e15ecee2a4fd420fb6,2483
    pantry-tree:
      size: 1588
      sha256: 2a839845b75d600ab5a51c582a740de87805f794caa5836b6a16250d9b535789
  original:
    hackage: profunctors-5.6.2@sha256:3d3685119243a7ebf984fa6af03299d156ab7674a432e2e15ecee2a4fd420fb6,2483
- completed:
    hackage: random-1.2.1.1@sha256:dea1f11e5569332dc6c8efaad1cb301016a5587b6754943a49f9de08ae0e56d9,6541
    pantry-tree:
      size: 1528
      sha256: 646ee77fe01178837ee928b61ae8653dcf190e9b5353ebebd094079c77a18b76
  original:
    hackage: random-1.2.1.1@sha256:dea1f11e5569332dc6c8efaad1cb301016a5587b6754943a49f9de08ae0e56d9,6541
- completed:
    hackage: reflection-2.1.6@sha256:f41afef54a696377bb7591e12969a56e7a4a1cf1d2a32210ab24c6a7aa9bd7ae,4116
    pantry-tree:
      size: 1062
      sha256: 3d40dd538ec28c67f9c08c69199d6c4848cf9d0898092d45add9d006f00d788c
  original:
    hackage: reflection-2.1.6@sha256:f41afef54a696377bb7591e12969a56e7a4a1cf1d2a32210ab24c6a7aa9bd7ae,4116
- completed:
    hackage: resourcet-1.2.5@sha256:c6e33a58afaa675f1ac671e996ac06d8238c3ba72f79252b82e1dc61e5109900,1739
    pantry-tree:
      size: 647
      sha256: 886e7f2e75955532cd8263b61b4172a78dc17ca3fce19649951fee4249d89ff7
  original:
    hackage: resourcet-1.2.5@sha256:c6e33a58afaa675f1ac671e996ac06d8238c3ba72f79252b82e1dc61e5109900,1739
- completed:
    hackage: semigroupoids-5.3.7@sha256:fb1a86c250997c269106645724a67bc358235245cf385b589f855ac070d4ada0,7488
    pantry-tree:
      size: 2404
      sha256: 1ddbcc4c07bb3a195e718ecd432caa37f9b25c4d4b3fe270d16f480a3d925c4a
  original:
    hackage: semigroupoids-5.3.7@sha256:fb1a86c250997c269106645724a67bc358235245cf385b589f855ac070d4ada0,7488
- completed:
    hackage: strict-0.4.0.1@sha256:d6205a748eb8db4cd17a7179be970c94598809709294ccfa43159c7f3cc4bf5d,4187
    pantry-tree:
      size: 654
      sha256: 2a8171b3ff2960552163a6e1dbb640b83e049f22a5b7764cc27c0941334496bd
  original:
    hackage: strict-0.4.0.1@sha256:d6205a748eb8db4cd17a7179be970c94598809709294ccfa43159c7f3cc4bf5d,4187
- completed:
    hackage: tagged-0.8.6.1@sha256:29c67d98a4404607f024750ab9c7210dadcbbef4e1944c48c52902f2071b2662,2874
    pantry-tree:
      size: 496
      sha256: 4548d4f2d43e25a182ac6f5da34364c4a41a1da88468c671445a0bf2a70c130c
  original:
    hackage: tagged-0.8.6.1@sha256:29c67d98a4404607f024750ab9c7210dadcbbef4e1944c48c52902f2071b2662,2874
- completed:
    hackage: th-abstraction-0.4.3.0@sha256:db4b3b69398acd8a7c5c8cc8a962da55d65d05d44d5039b51bd3cb5fb3d8400f,2148
    pantry-tree:
      size: 670
      sha256: cd2d3fd020b3c6b415e41c71b60999ca7dd14918b056e15e090f640cba1feed8
  original:
    hackage: th-abstraction-0.4.3.0@sha256:db4b3b69398acd8a7c5c8cc8a962da55d65d05d44d5039b51bd3cb5fb3d8400f,2148
- completed:
    hackage: these-1.1.1.1@sha256:f069e766b8fed73d457fca20cc197f5c539bcdd03d7636e478ddf14dbb67684a,2748
    pantry-tree:
      size: 351
      sha256: 09a71077d04df022d79d341f69eb5dad8e8e103839b51f21a28920bba1e1ad9f
  original:
    hackage: these-1.1.1.1@sha256:f069e766b8fed73d457fca20cc197f5c539bcdd03d7636e478ddf14dbb67684a,2748
- completed:
    hackage: transformers-base-0.4.6@sha256:6f18f320e371c8954c4b6b211e2fdd5d15a6d6310bd605b9d640f47ede408961,1643
    pantry-tree:
      size: 275
      sha256: 6c2d24a9678865e2a5f4b6286cb17228673a6987fb546bf07b89ffbd19716ad2
  original:
    hackage: transformers-base-0.4.6@sha256:6f18f320e371c8954c4b6b211e2fdd5d15a6d6310bd605b9d640f47ede408961,1643
- completed:
    hackage: transformers-compat-0.7.1@sha256:873ef500790cae136d14b2e890da1fe4df963e372f21b1671fa3c6cdfb23b10f,5807
    pantry-tree:
      size: 1724
      sha256: e55fbafc570488d3303ed79c7e3e74413dabbbe4a9d860d1958e5a1b27930079
  original:
    hackage: transformers-compat-0.7.1@sha256:873ef500790cae136d14b2e890da1fe4df963e372f21b1671fa3c6cdfb23b10f,5807
- completed:
    hackage: unbounded-delays-0.1.1.1@sha256:d7a2a49f15bdff2a8bdbd76f9d204580ea4be5a9def500c6371d51d8111cbcbe,1209
    pantry-tree:
      size: 360
      sha256: 594444ec1752b280cad420f2c410cf45caebe65b844202bceb5a6438068e8ba9
  original:
    hackage: unbounded-delays-0.1.1.1@sha256:d7a2a49f15bdff2a8bdbd76f9d204580ea4be5a9def500c6371d51d8111cbcbe,1209
- completed:
    hackage: wcwidth-0.0.2@sha256:77531eb6683c505c22ab3fa11bbc43d3ce1e7dac21401d4d5a19677d348bb5f3,1998
    pantry-tree:
      size: 328
      sha256: e41a76d32d11404240c0f5263e9f6dc9874083a1119db703ee65c28ed76f4505
  original:
    hackage: wcwidth-0.0.2@sha256:77531eb6683c505c22ab3fa11bbc43d3ce1e7dac21401d4d5a19677d348bb5f3,1998
- completed:
    hackage: wl-pprint-annotated-0.1.0.1@sha256:e7c27191da90d1db047f74dc3d4ca73e5696dfe19e358b014752658da37e3fe2,2296
    pantry-tree:
      size: 304
      sha256: c4360d7913976ccc5ec67ad2f29cabc8306aeffe3af2bac665840f374fa26854
  original:
    hackage: wl-pprint-annotated-0.1.0.1@sha256:e7c27191da90d1db047f74dc3d4ca73e5696dfe19e358b014752658da37e3fe2,2296
- completed:
    hackage: OneTuple-0.3.1@sha256:a848c096c9d29e82ffdd30a9998aa2931cbccb3a1bc137539d80f6174d31603e,2262
    pantry-tree:
      size: 506
      sha256: a685b08622f1fe0641e4f228a290878a1db4f7ef3eb63d00b10e8632097d1e6f
  original:
    hackage: OneTuple-0.3.1@sha256:a848c096c9d29e82ffdd30a9998aa2931cbccb3a1bc137539d80f6174d31603e,2262
- completed:
    hackage: StateVar-1.2.2@sha256:3c022c00485fe165e3080d5da6b3ca9c9b02f62c5deebc584d1b3d1309ce673e,1673
    pantry-tree:
      size: 314
      sha256: 204cac98219e99334f47b12c565945611748ea03a4d629273dd697d738bcfd7f
  original:
    hackage: StateVar-1.2.2@sha256:3c022c00485fe165e3080d5da6b3ca9c9b02f62c5deebc584d1b3d1309ce673e,1673
- completed:
    hackage: abstract-deque-0.3@sha256:308bff92bb8b6621ed1dae718e859da145c8f31b8a9050aeacac40a8a21c9c90,2565
    pantry-tree:
      size: 466
      sha256: 27c25a85f7c0824c8d626783d21a22cf92da0d6006f02b096531979daa6168d1
  original:
    hackage: abstract-deque-0.3@sha256:308bff92bb8b6621ed1dae718e859da145c8f31b8a9050aeacac40a8a21c9c90,2565
- completed:
    hackage: adjunctions-4.4.1@sha256:baee1b1c55f3072611b8d386a2985c8fbd50e96ee0e6d865ba72b294b9081055,3250
    pantry-tree:
      size: 1391
      sha256: a7664f107f41bfbceb029310dae9fe5d06a33820a3c6970cdf0624916e339afd
  original:
    hackage: adjunctions-4.4.1@sha256:baee1b1c55f3072611b8d386a2985c8fbd50e96ee0e6d865ba72b294b9081055,3250
- completed:
    hackage: alex-3.2.7.1@sha256:ab26a38cefae59403f746370e5a0c943b8d5bda098eb83f37052b2429ee780ce,3911
    pantry-tree:
      size: 4880
      sha256: 56cc4bae15df1a6370f2d6fed6726937e3b2df1c6eba1e8be6a2bf3fe7c75310
  original:
    hackage: alex-3.2.7.1@sha256:ab26a38cefae59403f746370e5a0c943b8d5bda098eb83f37052b2429ee780ce,3911
- completed:
    hackage: ansi-wl-pprint-0.6.9@sha256:212144ea0623b1170807a4162db05d87f26cf10b334aeadd0edb377aba06a1ce,2425
    pantry-tree:
      size: 472
      sha256: 0a2390ba39c3b84f68e382cb25b58cea66d61a89dab818bb5e2a6c12642e2e21
  original:
    hackage: ansi-wl-pprint-0.6.9@sha256:212144ea0623b1170807a4162db05d87f26cf10b334aeadd0edb377aba06a1ce,2425
- completed:
    hackage: happy-1.20.0@sha256:5d47dc221a9fe964e36aaaa2e1ab7e8f085a225fd6528d6eff310b92360bbe99,5732
    pantry-tree:
      size: 8749
      sha256: ff2e7df7cfe8746eedc6f69c225fa8c899c26d28f1c4964eeb00a5d757d30351
  original:
    hackage: happy-1.20.0@sha256:5d47dc221a9fe964e36aaaa2e1ab7e8f085a225fd6528d6eff310b92360bbe99,5732
- completed:
    hackage: haskell-lexer-1.1@sha256:9e0a7633f6bdb59004c6f3144ebfad1edb9e440fc6a94215c3a1d11bcd8656ef,915
    pantry-tree:
      size: 587
      sha256: b301fc4115ecc2687df258748a4d6f4165ee34890d65ddb81930d6adfd6c4f7c
  original:
    hackage: haskell-lexer-1.1@sha256:9e0a7633f6bdb59004c6f3144ebfad1edb9e440fc6a94215c3a1d11bcd8656ef,915
- completed:
    hackage: invariant-0.5.6@sha256:bd202f3bc499b397de5a4056a788e6dffc798ac0660c53c67f62eb055a9e16bc,3468
    pantry-tree:
      size: 650
      sha256: 79e3bbb2777e7d55c616a6a5cc75ffa20246b0736c2094a4c5f4da1933b64810
  original:
    hackage: invariant-0.5.6@sha256:bd202f3bc499b397de5a4056a788e6dffc798ac0660c53c67f62eb055a9e16bc,3468
- completed:
    hackage: lifted-base-0.2.3.12@sha256:e94ad0692c9c5d85c373e508f23654f2da8ac8c3e475c2b65ffbc04fb165ad69,3369
    pantry-tree:
      size: 1129
      sha256: a1d78bdab90ed2863854f825f6ab277e5df0af856fec06ac1c39131e8019aef5
  original:
    hackage: lifted-base-0.2.3.12@sha256:e94ad0692c9c5d85c373e508f23654f2da8ac8c3e475c2b65ffbc04fb165ad69,3369
- completed:
    hackage: scientific-0.3.7.0@sha256:76465a82beb2af6ea83ebd00684acc0ffe659e7da7066329931dc8f02fc97507,4826
    pantry-tree:
      size: 657
      sha256: 2e5436cd8a2d2fa045aadc7619aa06cf18f4f77d01b70d8c517213b718b69a2b
  original:
    hackage: scientific-0.3.7.0@sha256:76465a82beb2af6ea83ebd00684acc0ffe659e7da7066329931dc8f02fc97507,4826
- completed:
    hackage: splitmix-0.1.0.4@sha256:714a55fd28d3e2533bd5b49e74f604ef8e5d7b06f249c8816f6c54aed431dcf1,6483
    pantry-tree:
      size: 1519
      sha256: 79f4645c11b7a3861db0b596297f72804f509444d639a8fd7c0162b1ed80c578
  original:
    hackage: splitmix-0.1.0.4@sha256:714a55fd28d3e2533bd5b49e74f604ef8e5d7b06f249c8816f6c54aed431dcf1,6483
- completed:
    hackage: type-equality-1@sha256:bb3a34a93ad02866763b325e889ea9f5aa31f7428e32dcaa1cf14015bd21b9cb,1597
    pantry-tree:
      size: 313
      sha256: ea121a8b58ce43a4f1f7556cc73e8c2b8b71950d9ccf35252fd3e9c3514c8798
  original:
    hackage: type-equality-1@sha256:bb3a34a93ad02866763b325e889ea9f5aa31f7428e32dcaa1cf14015bd21b9cb,1597
- completed:
    hackage: unliftio-core-0.2.0.1@sha256:f9abcdd3f3d28e4840563efb7b8760d2de9b5707bcd6f53a87f6a0d77bb5a9f7,1082
    pantry-tree:
      size: 328
      sha256: 9955bc1336dd07c94928892f1a97aed6e5fe63a4242f089a0efd2e95174490ea
  original:
    hackage: unliftio-core-0.2.0.1@sha256:f9abcdd3f3d28e4840563efb7b8760d2de9b5707bcd6f53a87f6a0d77bb5a9f7,1082
- completed:
    hackage: vector-0.12.3.1@sha256:fffbd00912d69ed7be9bc7eeb09f4f475e0d243ec43f916a9fd5bbd219ce7f3e,8238
    pantry-tree:
      size: 3842
      sha256: 0537bb4fc4d6aba4ba970cf4aa82feda0227441a6b60ceb4a5b5c8618837f248
  original:
    hackage: vector-0.12.3.1@sha256:fffbd00912d69ed7be9bc7eeb09f4f475e0d243ec43f916a9fd5bbd219ce7f3e,8238
- completed:
    hackage: integer-logarithms-1.0.3.1@sha256:b65e11ec6f4b29c5278716da0544b951a49ab5310608df0fc41eec29f15691d9,3229
    pantry-tree:
      size: 865
      sha256: 804c8c0d77470f84640ee70c66155f770798e295c0a0572e41d071f69e24ca4e
  original:
    hackage: integer-logarithms-1.0.3.1@sha256:b65e11ec6f4b29c5278716da0544b951a49ab5310608df0fc41eec29f15691d9,3229
- completed:
    hackage: semigroups-0.20@sha256:925341e6f7eb104cb490bef06eab93bb7995c7c67c51ee938185a2ddefa7aaf2,6333
    pantry-tree:
      size: 481
      sha256: d4d3f0b32a68cf8808fcb8d2de117ab9ec09dbfec93a297aa3d386ca79a0fe05
  original:
    hackage: semigroups-0.20@sha256:925341e6f7eb104cb490bef06eab93bb7995c7c67c51ee938185a2ddefa7aaf2,6333
- completed:
    hackage: void-0.7.3@sha256:13d30f62fcdf065e595d679d4ac8b4b0c1bb1a1b73db7b5b5a8f857cb5c8a546,1857
    pantry-tree:
      size: 584
      sha256: 5730b45e857424c97d24ee1cf530be1fc782cd000221ac97b5568be886cbbc2b
  original:
    hackage: void-0.7.3@sha256:13d30f62fcdf065e595d679d4ac8b4b0c1bb1a1b73db7b5b5a8f857cb5c8a546,1857
- completed:
    hackage: accelerate-llvm-ptx-1.3.0.0@sha256:532f7811702fe6909841cd9f172f5ae5733d85361e42d8d3122fb973ad772250,6677
    pantry-tree:
      size: 4378
      sha256: d514c9bc379c9a73e5542f8b137b223ac8a7590e9d5e719af19541d05c886856
  original:
    hackage: accelerate-llvm-ptx-1.3.0.0@sha256:532f7811702fe6909841cd9f172f5ae5733d85361e42d8d3122fb973ad772250,6677
- completed:
    hackage: cuda-0.11.0.0@sha256:4e572a36f9ed3d2f8b40d6ce582b98b9ee0f499ed4ef1e88a33bb691e5be28c7,5654
    pantry-tree:
      size: 3857
      sha256: 17c3c8916aebd4e410df940c1d114843dab4e449715aeba8ea869d1e8d423bb5
  original:
    hackage: cuda-0.11.0.0@sha256:4e572a36f9ed3d2f8b40d6ce582b98b9ee0f499ed4ef1e88a33bb691e5be28c7,5654
- completed:
    hackage: file-embed-0.0.15.0@sha256:18beed8999dff37bcffd0d1d8a59dcd406be8e517c10213afefc941091985c06,1426
    pantry-tree:
      size: 478
      sha256: 19e38c295f02ea4cf3891ccb8048ed10d426b937bb14215f64aadc0cd62bda72
  original:
    hackage: file-embed-0.0.15.0@sha256:18beed8999dff37bcffd0d1d8a59dcd406be8e517c10213afefc941091985c06,1426
- completed:
    hackage: nvvm-0.10.0.0@sha256:387b3406b66ed5d8c1f0d8d498b8508fe2dade6e3517d1bfaac7d6fe646a336a,2440
    pantry-tree:
      size: 684
      sha256: cdf6f84fbcf939b86492e85fe680902c90201493f27c944c593982fd4b1a23d1
  original:
    hackage: nvvm-0.10.0.0@sha256:387b3406b66ed5d8c1f0d8d498b8508fe2dade6e3517d1bfaac7d6fe646a336a,2440
- completed:
    hackage: uuid-types-1.0.5@sha256:8447b8a08723877400da13b6329b3fb19ea9e4c20fabe62888841eb3708d7474,2608
    pantry-tree:
      size: 480
      sha256: 53d0b46a614d80bc1dfa5f51bffa7cab89a88dfe4f46d24b505cf696604f33b6
  original:
    hackage: uuid-types-1.0.5@sha256:8447b8a08723877400da13b6329b3fb19ea9e4c20fabe62888841eb3708d7474,2608
- completed:
    hackage: mwc-random-0.15.0.2@sha256:109e0fb72ce64bda468fc44d9cb5abbf455d6337140b57eb851a8183baba0597,3372
    pantry-tree:
      size: 721
      sha256: 67732b8c3612c58e5286541213550899dc9495a09ca5283fab4437c489e624b9
  original:
    hackage: mwc-random-0.15.0.2@sha256:109e0fb72ce64bda468fc44d9cb5abbf455d6337140b57eb851a8183baba0597,3372
- completed:
    hackage: mwc-random-accelerate-0.2.0.0@sha256:5785280c6fb511154eab9bf32a1149a9b084dd21b00e9696b0f89b87d90fabf8,1678
    pantry-tree:
      size: 303
      sha256: f0c8340444ffae62d0c858fdcb817be8ba0d919e4bfc69b07e420e2881fcfa76
  original:
    hackage: mwc-random-accelerate-0.2.0.0@sha256:5785280c6fb511154eab9bf32a1149a9b084dd21b00e9696b0f89b87d90fabf8,1678
- completed:
    hackage: math-functions-0.3.4.2@sha256:5d942f0d6478c2a6b22049c033943538f8dd357c66ff874d328082136433cafb,4791
    pantry-tree:
      size: 3112
      sha256: d966a0e79bb1d7acfc3f07d1a56a2f0b9c34330dc812edd3d47f9ab9f2f23429
  original:
    hackage: math-functions-0.3.4.2@sha256:5d942f0d6478c2a6b22049c033943538f8dd357c66ff874d328082136433cafb,4791
- completed:
    hackage: fclabels-2.0.5.1@sha256:d35b1b28914dc3131611be2cf2e7eeb88ce413f1e7c57deffaa45aed760dae0d,4614
    pantry-tree:
      size: 1008
      sha256: 7d808676475c8a1b37e6bc9c1a9c9ce2939c194b2475bf963e7501c6d7983d52
  original:
    hackage: fclabels-2.0.5.1
- completed:
    hackage: linear-accelerate-0.7.0.0@sha256:096fba507820938405b0f70f6904f5844c73d8adb45f9b0a4d8680f4d3e98c69,2469
    pantry-tree:
      size: 1766
      sha256: 2399c3608737e02b2252d80bbb4c8fe5129d220edebc1fa5a5307babb71a0995
  original:
    hackage: linear-accelerate-0.7.0.0@sha256:096fba507820938405b0f70f6904f5844c73d8adb45f9b0a4d8680f4d3e98c69,2469
- completed:
    hackage: linear-1.21.10@sha256:fb5253a777ef045c42de576625a5aab8dd6e10f9ba1a4cab9eb626296975e754,3951
    pantry-tree:
      size: 2040
      sha256: 42c85677dc98977803173645a038034b57338ea8360a813f090087b0ce9de56b
  original:
    hackage: linear-1.21.10@sha256:fb5253a777ef045c42de576625a5aab8dd6e10f9ba1a4cab9eb626296975e754,3951
- completed:
    hackage: bytes-0.17.2@sha256:65630fccda3b3065d49065edaa5ef4698a3e4711ab2cb40cdabea636c3553d19,2465
    pantry-tree:
      size: 844
      sha256: fb511f240e116e21dcdd00993b468ce3ce73d21363b6ea959220c9d5538386aa
  original:
    hackage: bytes-0.17.2@sha256:65630fccda3b3065d49065edaa5ef4698a3e4711ab2cb40cdabea636c3553d19,2465
- completed:
    hackage: binary-orphans-1.0.2@sha256:ffabc984b68562f568533c87186d3baa7d2bbac89f6ea82288396b5235715905,2264
    pantry-tree:
      size: 286
      sha256: 29ac2227a29a06ead2e61a067271946aae22693a71c9a5f5ecd3a8428131d25d
  original:
    hackage: binary-orphans-1.0.2@sha256:ffabc984b68562f568533c87186d3baa7d2bbac89f6ea82288396b5235715905,2264
- completed:
    hackage: containers-accelerate-0.1.0.0@sha256:529614e579efe5255f310ea2186af0dcc9373644d4ce6f22c72e9c6903f8a6d9,1895
    pantry-tree:
      size: 964
      sha256: e659966f3473d2e97d773923c81444a7f5ed5679bb7bc552f9b58b2fbdf40879
  original:
    hackage: containers-accelerate-0.1.0.0@sha256:529614e579efe5255f310ea2186af0dcc9373644d4ce6f22c72e9c6903f8a6d9,1895
- completed:
    hackage: hashable-accelerate-0.1.0.0@sha256:e701ad7211058567eab3254fc977a04f0ea8c7ddd24495b90aa7a89b1619f548,1214
    pantry-tree:
      size: 347
      sha256: 78fdb9a3f9ca20a5f36f9b00c82410a6e948e0583eb66b82339b59f1bf3f28d9
  original:
    hackage: hashable-accelerate-0.1.0.0@sha256:e701ad7211058567eab3254fc977a04f0ea8c7ddd24495b90aa7a89b1619f548,1214
snapshots: []
